
Microsoft Visual Studio Solution File, Format Version 12.00
# Visual Studio 15
VisualStudioVersion = 15.0.28307.421
MinimumVisualStudioVersion = 10.0.40219.1
Project("{FAE04EC0-301F-11D3-BF4B-00C04F79EFBC}") = "ConsoleApp2", "ConsoleApp2\ConsoleApp2.csproj", "{7818EF1D-4362-4FAB-B3A6-166CAF00D609}"
EndProject
Global
	GlobalSection(SolutionConfigurationPlatforms) = preSolution
		Debug|Any CPU = Debug|Any CPU
		Release|Any CPU = Release|Any CPU
	EndGlobalSection
	GlobalSection(ProjectConfigurationPlatforms) = postSolution
		{7818EF1D-4362-4FAB-B3A6-166CAF00D609}.Debug|Any CPU.ActiveCfg = Debug|Any CPU
		{7818EF1D-4362-4FAB-B3A6-166CAF00D609}.Debug|Any CPU.Build.0 = Debug|Any CPU
		{7818EF1D-4362-4FAB-B3A6-166CAF00D609}.Release|Any CPU.ActiveCfg = Release|Any CPU
		{7818EF1D-4362-4FAB-B3A6-166CAF00D609}.Release|Any CPU.Build.0 = Release|Any CPU
	EndGlobalSection
	GlobalSection(SolutionProperties) = preSolution
		HideSolutionNode = FALSE
	EndGlobalSection
	GlobalSection(ExtensibilityGlobals) = postSolution
		SolutionGuid = {C4345746-37D5-4ADD-88DA-5900A28AE3CB}
	EndGlobalSection
EndGlobal
